
Microsoft Visual Studio Solution File, Format Version 12.00
# Visual Studio Version 16
VisualStudioVersion = 16.0.33027.164
MinimumVisualStudioVersion = 10.0.40219.1
Project("{FAE04EC0-301F-11D3-BF4B-00C04F79EFBC}") = "jewellery", "jewellery.csproj", "{1ADCF636-51D7-4A1D-8464-C2B48C85C6D9}"
EndProject
Project("{54435603-DBB4-11D2-8724-00A0C9A8B90C}") = "Setup", "Setup\Setup.vdproj", "{840CEA85-749E-4718-B4B1-0D59DDEE12DB}"
EndProject
Global
	GlobalSection(SolutionConfigurationPlatforms) = preSolution
		Debug|Any CPU = Debug|Any CPU
		Release|Any CPU = Release|Any CPU
	EndGlobalSection
	GlobalSection(ProjectConfigurationPlatforms) = postSolution
		{1ADCF636-51D7-4A1D-8464-C2B48C85C6D9}.Debug|Any CPU.ActiveCfg = Debug|Any CPU
		{1ADCF636-51D7-4A1D-8464-C2B48C85C6D9}.Debug|Any CPU.Build.0 = Debug|Any CPU
		{1ADCF636-51D7-4A1D-8464-C2B48C85C6D9}.Release|Any CPU.ActiveCfg = Release|Any CPU
		{1ADCF636-51D7-4A1D-8464-C2B48C85C6D9}.Release|Any CPU.Build.0 = Release|Any CPU
		{840CEA85-749E-4718-B4B1-0D59DDEE12DB}.Debug|Any CPU.ActiveCfg = Debug
		{840CEA85-749E-4718-B4B1-0D59DDEE12DB}.Release|Any CPU.ActiveCfg = Release
	EndGlobalSection
	GlobalSection(SolutionProperties) = preSolution
		HideSolutionNode = FALSE
	EndGlobalSection
	GlobalSection(ExtensibilityGlobals) = postSolution
		SolutionGuid = {4BE5F383-E344-4A5D-B337-75C25674517E}
	EndGlobalSection
EndGlobal
